github.com/BurntSushi/toml v0.0.0-20150501104042-056c9bc7be71 h1:hSqbvHZtSH+pgffd0gi00sq8yFtOgdXYtXdWfTlJ7eY=
github.com/BurntSushi/toml v0.0.0-20150501104042-056c9bc7be71/go.mod h1:xHWCNGjB5oqiDr8zfno3MHue2Ht5sIBksp03qcyfWMU=
github.com/alexgear/sms v0.0.0-20160114164825-09769620ee9a h1:JccVOre4G51XrpzTBDVn6ZrLoNku+hx8WVRqCHIS10s=
github.com/alexgear/sms v0.0.0-20160114164825-09769620ee9a/go.mod h1:JOllOUP1QGiMyrb8RpgaB7pJiDk+Wo8P0DCj44d5uf8=
github.com/davecgh/go-spew v1.1.0 h1:ZDRjVQ15GmhC3fiQ8ni8+OwkZQO4DARzQgrnXU1Liz8=
github.com/davecgh/go-spew v1.1.0/go.mod h1:J7Y8YcW2NihsgmVo/mv3lAwl/skON4iLHjSsI+c5H38=
github.com/gorilla/context v0.0.0-20150820051245-1c83b3eabd45 h1:f69IpTg7NxbCoH51W7oD+gPkojLLvi6ybJ6Iya76wB8=
github.com/gorilla/context v0.0.0-20150820051245-1c83b3eabd45/go.mod h1:kBGZzfjB9CEq2AlWe17Uuf7NDRt0dE0s8S51q0aT7Yg=
github.com/gorilla/mux v0.0.0-20151111103530-9c068cf16d98 h1:PmpAIJ6FtPVTkKPoqJdKt91vVT4Oznn6JMByYL8kCiw=
github.com/gorilla/mux v0.0.0-20151111103530-9c068cf16d98/go.mod h1:1lud6UwP+6orDFRuTfBEV8e9/aOM/c4fVVCaMa2zaAs=
github.com/mattn/go-sqlite3 v0.0.0-20151106145404-5651a9d9d49e h1:ODDqloezOmHiZ7vERrEgrVewgxw6eRygrj/r+9VY20k=
github.com/mattn/go-sqlite3 v0.0.0-20151106145404-5651a9d9d49e/go.mod h1:FPy6KqzDD04eiIsT53CuJW3U88zkxoIYsOqkbpncsNc=
github.com/mattn/go-sqlite3 v1.13.0 h1:LnJI81JidiW9r7pS/hXe6cFeO5EXNq7KbfvoJLRI69c=
github.com/mattn/go-sqlite3 v1.13.0/go.mod h1:FPy6KqzDD04eiIsT53CuJW3U88zkxoIYsOqkbpncsNc=
github.com/pmezard/go-difflib v1.0.0 h1:4DBwDE0NGyQoBHbLQYPwSUPoCMWR5BEzIk/f1lZbAQM=
github.com/pmezard/go-difflib v1.0.0/go.mod h1:iKH77koFhYxTK1pcRnkKkqfTogsbg7gZNVY4sRDYZ/4=
github.com/satori/go.uuid v0.0.0-20151028231719-d41af8bb6a77 h1:X4eLA68fCmv+kFpUBFXIhv5wD5IFVB+oWUxjmpyl02c=
github.com/satori/go.uuid v0.0.0-20151028231719-d41af8bb6a77/go.mod h1:dA0hQrYB0VpLJoorglMZABFdXlWrHn1NEOzdhQKdks0=
github.com/stretchr/objx v0.1.0/go.mod h1:HFkY916IF+rwdDfMAkV7OtwuqBVzrE8GR6GFx+wExME=
github.com/stretchr/testify v1.4.0 h1:2E4SXV/wtOkTonXsotYi4li6zVWxYlZuYNCXe9XRJyk=
github.com/stretchr/testify v1.4.0/go.mod h1:j7eGeouHqKxXV5pUuKE4zz7dFj8WfuZ+81PSLYec5m4=
github.com/tarm/serial v0.0.0-20150317063745-e3f4c97bb713 h1:jJp31n+wSB8Ge1vmx2VQ4pDPZr7GUSEd0z59vCRiUE0=
github.com/tarm/serial v0.0.0-20150317063745-e3f4c97bb713/go.mod h1:kDXzergiv9cbyO7IOYJZWg1U88JhDg3PB6klq9Hg2pA=
github.com/xlab/at v0.0.0-20140907155236-56f3853e8a16 h1:v7ZNImqyMJutngIgqhjVRk+1/1Y8Y6ukm0j3v9jbz6s=
github.com/xlab/at v0.0.0-20140907155236-56f3853e8a16/go.mod h1:/gl6hh7ycmCUI33RNx0qiCIo2Y/lkbJAQvMnrD5m+hQ=
gopkg.in/check.v1 v0.0.0-20161208181325-20d25e280405/go.mod h1:Co6ibVJAznAaIkqp8huTwlJQCZ016jof/cbN4VW5Yz0=
gopkg.in/yaml.v2 v2.2.2 h1:ZCJp+EgiOT7lHqUV2J862kp8Qj64Jo6az82+3Td9dZw=
gopkg.in/yaml.v2 v2.2.2/go.mod h1:hI93XBmqTisBFMUTm0b8Fm+jr3Dg1NNxqwp+5A1VGuI=
